
Microsoft Visual Studio Solution File, Format Version 12.00
# Visual Studio Version 16
VisualStudioVersion = 16.0.32901.82
MinimumVisualStudioVersion = 10.0.40219.1
Project("{8BC9CEB8-8B4A-11D0-8D11-00A0C91BC942}") = "Tide", "Tide\Tide.vcxproj", "{BA949826-0762-4F3B-AD46-8E7493F707D8}"
EndProject
Project("{8BC9CEB8-8B4A-11D0-8D11-00A0C91BC942}") = "TideSandBox", "TideSandBox\TideSandBox.vcxproj", "{0F5B4942-8DB0-437B-A417-39817DE866BC}"
EndProject
Global
	GlobalSection(SolutionConfigurationPlatforms) = preSolution
		Debug|x64 = Debug|x64
		Release|x64 = Release|x64
	EndGlobalSection
	GlobalSection(ProjectConfigurationPlatforms) = postSolution
		{BA949826-0762-4F3B-AD46-8E7493F707D8}.Debug|x64.ActiveCfg = Debug|x64
		{BA949826-0762-4F3B-AD46-8E7493F707D8}.Debug|x64.Build.0 = Debug|x64
		{BA949826-0762-4F3B-AD46-8E7493F707D8}.Release|x64.ActiveCfg = Release|x64
		{BA949826-0762-4F3B-AD46-8E7493F707D8}.Release|x64.Build.0 = Release|x64
		{0F5B4942-8DB0-437B-A417-39817DE866BC}.Debug|x64.ActiveCfg = Debug|x64
		{0F5B4942-8DB0-437B-A417-39817DE866BC}.Debug|x64.Build.0 = Debug|x64
		{0F5B4942-8DB0-437B-A417-39817DE866BC}.Release|x64.ActiveCfg = Release|x64
		{0F5B4942-8DB0-437B-A417-39817DE866BC}.Release|x64.Build.0 = Release|x64
	EndGlobalSection
	GlobalSection(SolutionProperties) = preSolution
		HideSolutionNode = FALSE
	EndGlobalSection
	GlobalSection(ExtensibilityGlobals) = postSolution
		SolutionGuid = {258C2B3E-8D78-4D25-B5C9-81EAA1D8D02E}
	EndGlobalSection
EndGlobal
